
Microsoft Visual Studio Solution File, Format Version 12.00
# Visual Studio Version 16
VisualStudioVersion = 16.0.30523.141
MinimumVisualStudioVersion = 10.0.40219.1
Project("{FAE04EC0-301F-11D3-BF4B-00C04F79EFBC}") = "Zinveliu_Denisa_Lab2", "Zinveliu_Denisa_Lab2.csproj", "{D8E622E4-9D2E-4154-9BA5-810380B95BB4}"
EndProject
Global
	GlobalSection(SolutionConfigurationPlatforms) = preSolution
		Debug|Any CPU = Debug|Any CPU
		Release|Any CPU = Release|Any CPU
	EndGlobalSection
	GlobalSection(ProjectConfigurationPlatforms) = postSolution
		{D8E622E4-9D2E-4154-9BA5-810380B95BB4}.Debug|Any CPU.ActiveCfg = Debug|Any CPU
		{D8E622E4-9D2E-4154-9BA5-810380B95BB4}.Debug|Any CPU.Build.0 = Debug|Any CPU
		{D8E622E4-9D2E-4154-9BA5-810380B95BB4}.Release|Any CPU.ActiveCfg = Release|Any CPU
		{D8E622E4-9D2E-4154-9BA5-810380B95BB4}.Release|Any CPU.Build.0 = Release|Any CPU
	EndGlobalSection
	GlobalSection(SolutionProperties) = preSolution
		HideSolutionNode = FALSE
	EndGlobalSection
	GlobalSection(ExtensibilityGlobals) = postSolution
		SolutionGuid = {E25446A0-1047-44B3-A6CE-9708F95F6223}
	EndGlobalSection
EndGlobal
